
Microsoft Visual Studio Solution File, Format Version 12.00
# Visual Studio Version 17
VisualStudioVersion = 17.0.31903.59
MinimumVisualStudioVersion = 10.0.40219.1
Project("{FAE04EC0-301F-11D3-BF4B-00C04F79EFBC}") = "PrimeService", "PrimeService\PrimeService.csproj", "{34F8859B-97A9-406C-8495-01929E557473}"
EndProject
Project("{FAE04EC0-301F-11D3-BF4B-00C04F79EFBC}") = "PrimeService.Tests", "PrimeService.Tests\PrimeService.Tests.csproj", "{53BCEAD4-B41B-4764-A332-D91574B98CC6}"
EndProject
Global
	GlobalSection(SolutionConfigurationPlatforms) = preSolution
		Debug|Any CPU = Debug|Any CPU
		Release|Any CPU = Release|Any CPU
	EndGlobalSection
	GlobalSection(SolutionProperties) = preSolution
		HideSolutionNode = FALSE
	EndGlobalSection
	GlobalSection(ProjectConfigurationPlatforms) = postSolution
		{34F8859B-97A9-406C-8495-01929E557473}.Debug|Any CPU.ActiveCfg = Debug|Any CPU
		{34F8859B-97A9-406C-8495-01929E557473}.Debug|Any CPU.Build.0 = Debug|Any CPU
		{34F8859B-97A9-406C-8495-01929E557473}.Release|Any CPU.ActiveCfg = Release|Any CPU
		{34F8859B-97A9-406C-8495-01929E557473}.Release|Any CPU.Build.0 = Release|Any CPU
		{53BCEAD4-B41B-4764-A332-D91574B98CC6}.Debug|Any CPU.ActiveCfg = Debug|Any CPU
		{53BCEAD4-B41B-4764-A332-D91574B98CC6}.Debug|Any CPU.Build.0 = Debug|Any CPU
		{53BCEAD4-B41B-4764-A332-D91574B98CC6}.Release|Any CPU.ActiveCfg = Release|Any CPU
		{53BCEAD4-B41B-4764-A332-D91574B98CC6}.Release|Any CPU.Build.0 = Release|Any CPU
	EndGlobalSection
EndGlobal
